lockfileVersion: '9.0'

settings:
  autoInstallPeers: true
  excludeLinksFromLockfile: false

importers:

  .:
    dependencies:
      '@solana/kit':
        specifier: ^4.0.0
        version: 4.0.0(fastestsmallesttextencoderdecoder@1.0.22)(typescript@5.9.3)(ws@8.18.3)
      '@yourwallet/stake-pool':
        specifier: file:../clients/js
        version: file:../clients/js(@solana/kit@4.0.0(fastestsmallesttextencoderdecoder@1.0.22)(typescript@5.9.3)(ws@8.18.3))
    devDependencies:
      '@types/node':
        specifier: ^20
        version: 20.19.23
      tsx:
        specifier: ^4.7.0
        version: 4.20.6
      typescript:
        specifier: ^5.5.3
        version: 5.9.3

packages:

  '@esbuild/aix-ppc64@0.25.11':
    resolution: {integrity: sha512-Xt1dOL13m8u0WE8iplx9Ibbm+hFAO0GsU2P34UNoDGvZYkY8ifSiy6Zuc1lYxfG7svWE2fzqCUmFp5HCn51gJg==}
    engines: {node: '>=18'}
    cpu: [ppc64]
    os: [aix]

  '@esbuild/android-arm64@0.25.11':
    resolution: {integrity: sha512-9slpyFBc4FPPz48+f6jyiXOx/Y4v34TUeDDXJpZqAWQn/08lKGeD8aDp9TMn9jDz2CiEuHwfhRmGBvpnd/PWIQ==}
    engines: {node: '>=18'}
    cpu: [arm64]
    os: [android]

  '@esbuild/android-arm@0.25.11':
    resolution: {integrity: sha512-uoa7dU+Dt3HYsethkJ1k6Z9YdcHjTrSb5NUy66ZfZaSV8hEYGD5ZHbEMXnqLFlbBflLsl89Zke7CAdDJ4JI+Gg==}
    engines: {node: '>=18'}
    cpu: [arm]
    os: [android]

  '@esbuild/android-x64@0.25.11':
    resolution: {integrity: sha512-Sgiab4xBjPU1QoPEIqS3Xx+R2lezu0LKIEcYe6pftr56PqPygbB7+szVnzoShbx64MUupqoE0KyRlN7gezbl8g==}
    engines: {node: '>=18'}
    cpu: [x64]
    os: [android]

  '@esbuild/darwin-arm64@0.25.11':
    resolution: {integrity: sha512-VekY0PBCukppoQrycFxUqkCojnTQhdec0vevUL/EDOCnXd9LKWqD/bHwMPzigIJXPhC59Vd1WFIL57SKs2mg4w==}
    engines: {node: '>=18'}
    cpu: [arm64]
    os: [darwin]

  '@esbuild/darwin-x64@0.25.11':
    resolution: {integrity: sha512-+hfp3yfBalNEpTGp9loYgbknjR695HkqtY3d3/JjSRUyPg/xd6q+mQqIb5qdywnDxRZykIHs3axEqU6l1+oWEQ==}
    engines: {node: '>=18'}
    cpu: [x64]
    os: [darwin]

  '@esbuild/freebsd-arm64@0.25.11':
    resolution: {integrity: sha512-CmKjrnayyTJF2eVuO//uSjl/K3KsMIeYeyN7FyDBjsR3lnSJHaXlVoAK8DZa7lXWChbuOk7NjAc7ygAwrnPBhA==}
    engines: {node: '>=18'}
    cpu: [arm64]
    os: [freebsd]

  '@esbuild/freebsd-x64@0.25.11':
    resolution: {integrity: sha512-Dyq+5oscTJvMaYPvW3x3FLpi2+gSZTCE/1ffdwuM6G1ARang/mb3jvjxs0mw6n3Lsw84ocfo9CrNMqc5lTfGOw==}
    engines: {node: '>=18'}
    cpu: [x64]
    os: [freebsd]

  '@esbuild/linux-arm64@0.25.11':
    resolution: {integrity: sha512-Qr8AzcplUhGvdyUF08A1kHU3Vr2O88xxP0Tm8GcdVOUm25XYcMPp2YqSVHbLuXzYQMf9Bh/iKx7YPqECs6ffLA==}
    engines: {node: '>=18'}
    cpu: [arm64]
    os: [linux]

  '@esbuild/linux-arm@0.25.11':
    resolution: {integrity: sha512-TBMv6B4kCfrGJ8cUPo7vd6NECZH/8hPpBHHlYI3qzoYFvWu2AdTvZNuU/7hsbKWqu/COU7NIK12dHAAqBLLXgw==}
    engines: {node: '>=18'}
    cpu: [arm]
    os: [linux]

  '@esbuild/linux-ia32@0.25.11':
    resolution: {integrity: sha512-TmnJg8BMGPehs5JKrCLqyWTVAvielc615jbkOirATQvWWB1NMXY77oLMzsUjRLa0+ngecEmDGqt5jiDC6bfvOw==}
    engines: {node: '>=18'}
    cpu: [ia32]
    os: [linux]

  '@esbuild/linux-loong64@0.25.11':
    resolution: {integrity: sha512-DIGXL2+gvDaXlaq8xruNXUJdT5tF+SBbJQKbWy/0J7OhU8gOHOzKmGIlfTTl6nHaCOoipxQbuJi7O++ldrxgMw==}
    engines: {node: '>=18'}
    cpu: [loong64]
    os: [linux]

  '@esbuild/linux-mips64el@0.25.11':
    resolution: {integrity: sha512-Osx1nALUJu4pU43o9OyjSCXokFkFbyzjXb6VhGIJZQ5JZi8ylCQ9/LFagolPsHtgw6himDSyb5ETSfmp4rpiKQ==}
    engines: {node: '>=18'}
    cpu: [mips64el]
    os: [linux]

  '@esbuild/linux-ppc64@0.25.11':
    resolution: {integrity: sha512-nbLFgsQQEsBa8XSgSTSlrnBSrpoWh7ioFDUmwo158gIm5NNP+17IYmNWzaIzWmgCxq56vfr34xGkOcZ7jX6CPw==}
    engines: {node: '>=18'}
    cpu: [ppc64]
    os: [linux]

  '@esbuild/linux-riscv64@0.25.11':
    resolution: {integrity: sha512-HfyAmqZi9uBAbgKYP1yGuI7tSREXwIb438q0nqvlpxAOs3XnZ8RsisRfmVsgV486NdjD7Mw2UrFSw51lzUk1ww==}
    engines: {node: '>=18'}
    cpu: [riscv64]
    os: [linux]

  '@esbuild/linux-s390x@0.25.11':
    resolution: {integrity: sha512-HjLqVgSSYnVXRisyfmzsH6mXqyvj0SA7pG5g+9W7ESgwA70AXYNpfKBqh1KbTxmQVaYxpzA/SvlB9oclGPbApw==}
    engines: {node: '>=18'}
    cpu: [s390x]
    os: [linux]

  '@esbuild/linux-x64@0.25.11':
    resolution: {integrity: sha512-HSFAT4+WYjIhrHxKBwGmOOSpphjYkcswF449j6EjsjbinTZbp8PJtjsVK1XFJStdzXdy/jaddAep2FGY+wyFAQ==}
    engines: {node: '>=18'}
    cpu: [x64]
    os: [linux]

  '@esbuild/netbsd-arm64@0.25.11':
    resolution: {integrity: sha512-hr9Oxj1Fa4r04dNpWr3P8QKVVsjQhqrMSUzZzf+LZcYjZNqhA3IAfPQdEh1FLVUJSiu6sgAwp3OmwBfbFgG2Xg==}
    engines: {node: '>=18'}
    cpu: [arm64]
    os: [netbsd]

  '@esbuild/netbsd-x64@0.25.11':
    resolution: {integrity: sha512-u7tKA+qbzBydyj0vgpu+5h5AeudxOAGncb8N6C9Kh1N4n7wU1Xw1JDApsRjpShRpXRQlJLb9wY28ELpwdPcZ7A==}
    engines: {node: '>=18'}
    cpu: [x64]
    os: [netbsd]

  '@esbuild/openbsd-arm64@0.25.11':
    resolution: {integrity: sha512-Qq6YHhayieor3DxFOoYM1q0q1uMFYb7cSpLD2qzDSvK1NAvqFi8Xgivv0cFC6J+hWVw2teCYltyy9/m/14ryHg==}
    engines: {node: '>=18'}
    cpu: [arm64]
    os: [openbsd]

  '@esbuild/openbsd-x64@0.25.11':
    resolution: {integrity: sha512-CN+7c++kkbrckTOz5hrehxWN7uIhFFlmS/hqziSFVWpAzpWrQoAG4chH+nN3Be+Kzv/uuo7zhX716x3Sn2Jduw==}
    engines: {node: '>=18'}
    cpu: [x64]
    os: [openbsd]

  '@esbuild/openharmony-arm64@0.25.11':
    resolution: {integrity: sha512-rOREuNIQgaiR+9QuNkbkxubbp8MSO9rONmwP5nKncnWJ9v5jQ4JxFnLu4zDSRPf3x4u+2VN4pM4RdyIzDty/wQ==}
    engines: {node: '>=18'}
    cpu: [arm64]
    os: [openharmony]

  '@esbuild/sunos-x64@0.25.11':
    resolution: {integrity: sha512-nq2xdYaWxyg9DcIyXkZhcYulC6pQ2FuCgem3LI92IwMgIZ69KHeY8T4Y88pcwoLIjbed8n36CyKoYRDygNSGhA==}
    engines: {node: '>=18'}
    cpu: [x64]
    os: [sunos]

  '@esbuild/win32-arm64@0.25.11':
    resolution: {integrity: sha512-3XxECOWJq1qMZ3MN8srCJ/QfoLpL+VaxD/WfNRm1O3B4+AZ/BnLVgFbUV3eiRYDMXetciH16dwPbbHqwe1uU0Q==}
    engines: {node: '>=18'}
    cpu: [arm64]
    os: [win32]

  '@esbuild/win32-ia32@0.25.11':
    resolution: {integrity: sha512-3ukss6gb9XZ8TlRyJlgLn17ecsK4NSQTmdIXRASVsiS2sQ6zPPZklNJT5GR5tE/MUarymmy8kCEf5xPCNCqVOA==}
    engines: {node: '>=18'}
    cpu: [ia32]
    os: [win32]

  '@esbuild/win32-x64@0.25.11':
    resolution: {integrity: sha512-D7Hpz6A2L4hzsRpPaCYkQnGOotdUpDzSGRIv9I+1ITdHROSFUWW95ZPZWQmGka1Fg7W3zFJowyn9WGwMJ0+KPA==}
    engines: {node: '>=18'}
    cpu: [x64]
    os: [win32]

  '@solana/accounts@4.0.0':
    resolution: {integrity: sha512-fxTtTk7PCJrigdzqhkc0eZYACVZpONKJZy4MkGvZzx5tCC7rUeDJvzau3IYACUCRaaAGPpkINHwYtp8weKsn8w==}
    engines: {node: '>=20.18.0'}
    peerDependencies:
      typescript: '>=5.3.3'

  '@solana/addresses@4.0.0':
    resolution: {integrity: sha512-1OS4nU0HFZxHRxgUb6A72Qg0QbIz6Vu2AbB0j/YSxN4EI+S2BftA83Y6uXhTFDQjKuA+MtHjxe6edB3cs1Pqxw==}
    engines: {node: '>=20.18.0'}
    peerDependencies:
      typescript: '>=5.3.3'

  '@solana/assertions@4.0.0':
    resolution: {integrity: sha512-QwtImPVM5JLEWOFpvHh+eKdvmxdNP6PW8FkmFFEVYR6VFDaZD/hbmSJlwt5p3L69sVmxJA0ughYgD/kkHM7fbg==}
    engines: {node: '>=20.18.0'}
    peerDependencies:
      typescript: '>=5.3.3'

  '@solana/codecs-core@4.0.0':
    resolution: {integrity: sha512-28kNUsyIlhU3MO3/7ZLDqeJf2YAm32B4tnTjl5A9HrbBqsTZ+upT/RzxZGP1MMm7jnPuIKCMwmTpsyqyR6IUpw==}
    engines: {node: '>=20.18.0'}
    peerDependencies:
      typescript: '>=5.3.3'

  '@solana/codecs-data-structures@4.0.0':
    resolution: {integrity: sha512-pvh+Oxz6UIbWxcgwvVwMJIV4nvZn3EHL5ZvCIPClE5Ep8K5sJ8RoRvOohqLcIv9LYn/EZNoXpCodREX/OYpsGw==}
    engines: {node: '>=20.18.0'}
    peerDependencies:
      typescript: '>=5.3.3'

  '@solana/codecs-numbers@4.0.0':
    resolution: {integrity: sha512-z9zpjtcwzqT9rbkKVZpkWB5/0V7+6YRKs6BccHkGJlaDx8Pe/+XOvPi2rEdXPqrPd9QWb5Xp1iBfcgaDMyiOiA==}
    engines: {node: '>=20.18.0'}
    peerDependencies:
      typescript: '>=5.3.3'

  '@solana/codecs-strings@4.0.0':
    resolution: {integrity: sha512-XvyD+sQ1zyA0amfxbpoFZsucLoe+yASQtDiLUGMDg5TZ82IHE3B7n82jE8d8cTAqi0HgqQiwU13snPhvg1O0Ow==}
    engines: {node: '>=20.18.0'}
    peerDependencies:
      fastestsmallesttextencoderdecoder: ^1.0.22
      typescript: '>=5.3.3'

  '@solana/codecs@4.0.0':
    resolution: {integrity: sha512-qh+Le1u9QBDPubqUrFU5BGX3Kyj7x0viO6z2SUuM0CSqYUvwE7w724LXwDA9QoEL5JkED1rB3bQg4M0bDrABpA==}
    engines: {node: '>=20.18.0'}
    peerDependencies:
      typescript: '>=5.3.3'

  '@solana/errors@4.0.0':
    resolution: {integrity: sha512-3YEtvcMvtcnTl4HahqLt0VnaGVf7vVWOnt6/uPky5e0qV6BlxDSbGkbBzttNjxLXHognV0AQi3pjvrtfUnZmbg==}
    engines: {node: '>=20.18.0'}
    hasBin: true
    peerDependencies:
      typescript: '>=5.3.3'

  '@solana/fast-stable-stringify@4.0.0':
    resolution: {integrity: sha512-sNJRi0RQ93vkGQ9VyFTSGm6mfKLk0FWOFpJLcqyP0BNUK1CugBaUMnxAmGqNaVSCktJagTSLqAMi9k1VSdh+Cg==}
    engines: {node: '>=20.18.0'}
    peerDependencies:
      typescript: '>=5.3.3'

  '@solana/functional@4.0.0':
    resolution: {integrity: sha512-duprxASuT0VXlHj3bLBdy9+ZpqdmCZhzCUmTsXps4UlDKr9PxSCQIQ+NK6OPhtBWOh1sNEcT1f1nY/MVqF/KHg==}
    engines: {node: '>=20.18.0'}
    peerDependencies:
      typescript: '>=5.3.3'

  '@solana/instruction-plans@4.0.0':
    resolution: {integrity: sha512-FcyptPR5XmKoj1EyF9xARiqy2BuF+CfrIxTU0WQn5Tix/y7whKYz5CCFtBlWbwIcGxQftmG5tAlcidgnCb7jVw==}
    engines: {node: '>=20.18.0'}
    peerDependencies:
      typescript: '>=5.3.3'

  '@solana/instructions@4.0.0':
    resolution: {integrity: sha512-/Lf3E+6mhe6EL7a3+9FY020yq71lVNgueplJGr221b4wP6ykwPVtoaAiNf+lIrRRYkW8DC81auhmjd2DYpND1w==}
    engines: {node: '>=20.18.0'}
    peerDependencies:
      typescript: '>=5.3.3'

  '@solana/keys@4.0.0':
    resolution: {integrity: sha512-aPz+LF9QK3EHjuklYBnnalcLVHUNz5s4m4DXNVGAtjJD7Q9zEu2dBUm9mRKwlLbQibNOEGa1m86HCjcboqXdjg==}
    engines: {node: '>=20.18.0'}
    peerDependencies:
      typescript: '>=5.3.3'

  '@solana/kit@4.0.0':
    resolution: {integrity: sha512-5c4qMRL+ciWewEtNZ2gX4wf4VpscZYXbWnU2kBiyQhWiqj8zzFIh6iCHbqMX/Myx3pOHfQs/m/iQCnQHPOag9Q==}
    engines: {node: '>=20.18.0'}
    peerDependencies:
      typescript: '>=5.3.3'

  '@solana/nominal-types@4.0.0':
    resolution: {integrity: sha512-zIjHZY+5uboigbzsNhHmF3AlP/xACYxbB0Cb1VAI9i+eFShMeu/3VIrj7x1vbq9hfQKGSFHNFGFqQTivdzpbLw==}
    engines: {node: '>=20.18.0'}
    peerDependencies:
      typescript: '>=5.3.3'

  '@solana/options@4.0.0':
    resolution: {integrity: sha512-QTjBh24a34At66mGfs0lVF1voug1KnA13IZkvcVPr52zFb90+xYiqYeKiICTaf3HkoeoKG+TC2Q0K64+se0+CQ==}
    engines: {node: '>=20.18.0'}
    peerDependencies:
      typescript: '>=5.3.3'

  '@solana/programs@4.0.0':
    resolution: {integrity: sha512-tJCNoKyDKfipGTsQtUO6R9EXk4l4ai+gYuD2R3NubJgMaLPBqIv3IMSCeDSvhuSCDuN2lQ1mLkQrDnE3lm0/iQ==}
    engines: {node: '>=20.18.0'}
    peerDependencies:
      typescript: '>=5.3.3'

  '@solana/promises@4.0.0':
    resolution: {integrity: sha512-zEh815+n2OrrQunZ6m1iuNcoZRc9YnQaTeivBSgl1SYfPaq/Qj/rRiK5DID25Njo4L44p5quu7aal3Bk/eR+tQ==}
    engines: {node: '>=20.18.0'}
    peerDependencies:
      typescript: '>=5.3.3'

  '@solana/rpc-api@4.0.0':
    resolution: {integrity: sha512-nfQkTJCIW3qzUDRrhvr9MBm9jKQ+dZn4ypK35UDPrV+QB5Gc9UmPJ6prvpPtDq8WoU7wqUzswKeY3k7qtgYjEg==}
    engines: {node: '>=20.18.0'}
    peerDependencies:
      typescript: '>=5.3.3'

  '@solana/rpc-parsed-types@4.0.0':
    resolution: {integrity: sha512-aOjwJwen5D0aDXoSths+ekdBO4mu7nmM+yASqCVW2PLN6v7NZmRBzV1/PgMFjDTiymVQj25ipCUvL395s1wsKg==}
    engines: {node: '>=20.18.0'}
    peerDependencies:
      typescript: '>=5.3.3'

  '@solana/rpc-spec-types@4.0.0':
    resolution: {integrity: sha512-rpFMIaetpubeyDXIlxV08vtmiDt7ME9527kCI61slHj6O2rbj+7fABhmlN6J4YDCcL/kfnMCxZyNna94DovHZA==}
    engines: {node: '>=20.18.0'}
    peerDependencies:
      typescript: '>=5.3.3'

  '@solana/rpc-spec@4.0.0':
    resolution: {integrity: sha512-9PFTFWjdgA/KFG4rgzbgA7gm9+aRDwsRJgI1aP7n3dGsGzYUp8vNgRQBhogWscEOETkgZNlsi/artLxgvHEHEg==}
    engines: {node: '>=20.18.0'}
    peerDependencies:
      typescript: '>=5.3.3'

  '@solana/rpc-subscriptions-api@4.0.0':
    resolution: {integrity: sha512-6/MzQT9VkcD7Rh8ExoGdbERTSEubA5eI+Q0R9FRuujl/SIy2BsWaNxaBMuZS0DFmKbIHM+m1ptUFdjKAVjGQuw==}
    engines: {node: '>=20.18.0'}
    peerDependencies:
      typescript: '>=5.3.3'

  '@solana/rpc-subscriptions-channel-websocket@4.0.0':
    resolution: {integrity: sha512-dc4cGfkQJEdkux/CXpItffuytnSU6wktReHEBL+2xaYmF+yGMBeBLzTvkCJ9BbGGfBMf06c5y5QH8X48W5CJdg==}
    engines: {node: '>=20.18.0'}
    peerDependencies:
      typescript: '>=5.3.3'
      ws: ^8.18.0

  '@solana/rpc-subscriptions-spec@4.0.0':
    resolution: {integrity: sha512-2ROfFymoy/TjDAlEPpsmSQAr6LZwG4l/UIhkW7+/VraRu7QPAycuWfSopJnG8D7F3fksICFSeQNwwgBXTN1TWA==}
    engines: {node: '>=20.18.0'}
    peerDependencies:
      typescript: '>=5.3.3'

  '@solana/rpc-subscriptions@4.0.0':
    resolution: {integrity: sha512-rM+R4Xpsym0tYF3sGAEpdY+D+c6fOMk/fhCEewR+veqdubRfvI5QEhq4kHs8qdKKuRbcpGmedPC306H+PQ6Hmg==}
    engines: {node: '>=20.18.0'}
    peerDependencies:
      typescript: '>=5.3.3'

  '@solana/rpc-transformers@4.0.0':
    resolution: {integrity: sha512-3B3C9zpqN2O76CJV9tethtybMFdT2ViN5b2u8sObftGNFqxPmjt7XmbOmPdn7zwLyRM5S2RuZShzfcVJpBf+yQ==}
    engines: {node: '>=20.18.0'}
    peerDependencies:
      typescript: '>=5.3.3'

  '@solana/rpc-transport-http@4.0.0':
    resolution: {integrity: sha512-RjXcQehF3wHm8eoIala+MrdmS3mDSPRl+xwEWzmA1QmBdQl44/XTNOdPJvNkqWXrzE+bAsZGfn0gVua/oCC+zQ==}
    engines: {node: '>=20.18.0'}
    peerDependencies:
      typescript: '>=5.3.3'

  '@solana/rpc-types@4.0.0':
    resolution: {integrity: sha512-mY4W6DQVaLf3M8hSSzIEtaRsVgLg9zv5qdjjYvxkALw0fzjkLW55h3ctGbJ/k+dNpYm9gcKg7zatA7eBNnNmtQ==}
    engines: {node: '>=20.18.0'}
    peerDependencies:
      typescript: '>=5.3.3'

  '@solana/rpc@4.0.0':
    resolution: {integrity: sha512-KF91ghi7P48aeWd4eSY5Fly/ioYz9ww2loQd/YqV3eLQwo3/2HUWd6r6lpSHsLh/HUoUkm+EsYmVN8r/3mE5fg==}
    engines: {node: '>=20.18.0'}
    peerDependencies:
      typescript: '>=5.3.3'

  '@solana/signers@4.0.0':
    resolution: {integrity: sha512-r3ZrltruadsQXmx3fsGOSqAZ3SsgD7zq/QB8sT6IOVcg11Pgdvx48/CEv7djdy44wF4HVpqNCZLfi12EhoaSXQ==}
    engines: {node: '>=20.18.0'}
    peerDependencies:
      typescript: '>=5.3.3'

  '@solana/subscribable@4.0.0':
    resolution: {integrity: sha512-lDI4HkDuGkmdnX7hSgvJsFFadkQxt0pLHIpZTxOt7/6KBDtNs63NTwJGd3d/EuA7ReXwYg5HDG0QtOm64divXQ==}
    engines: {node: '>=20.18.0'}
    peerDependencies:
      typescript: '>=5.3.3'

  '@solana/sysvars@4.0.0':
    resolution: {integrity: sha512-HUu2B8P7iRYWAt1KL/5a6nNTKp73y04cSxZ9PZf2Ap1/KE0/5D8WnkEfnurUQmU3zBner95d+szNOyWMNBOoTw==}
    engines: {node: '>=20.18.0'}
    peerDependencies:
      typescript: '>=5.3.3'

  '@solana/transaction-confirmation@4.0.0':
    resolution: {integrity: sha512-DTBIMB5/UCOpVyL5E0xwswtxs/PGeSD1VL5+C1UCPlggpZNIOlhZoaQqFO56wrJDFASzPMx+dakda5BUuhQkBg==}
    engines: {node: '>=20.18.0'}
    peerDependencies:
      typescript: '>=5.3.3'

  '@solana/transaction-messages@4.0.0':
    resolution: {integrity: sha512-rQo0rRyvkrROFZHUT0uL3vqeBBtxTsNKDtx8pZo6BC3TgGA7V1MoSC3rVOLwYCK6rK5NJZiYNjmneHz/7hVpwQ==}
    engines: {node: '>=20.18.0'}
    peerDependencies:
      typescript: '>=5.3.3'

  '@solana/transactions@4.0.0':
    resolution: {integrity: sha512-bmHIIVTQq+Wlqg4es91Ew4KSbOrvdfPsKg/pVha8ZR77huwvfqQMxRyYF4zMQ+Fm3QXGFKOU0RPVKKYic15jBw==}
    engines: {node: '>=20.18.0'}
    peerDependencies:
      typescript: '>=5.3.3'

  '@types/node@20.19.23':
    resolution: {integrity: sha512-yIdlVVVHXpmqRhtyovZAcSy0MiPcYWGkoO4CGe/+jpP0hmNuihm4XhHbADpK++MsiLHP5MVlv+bcgdF99kSiFQ==}

  '@yourwallet/stake-pool@file:../clients/js':
    resolution: {directory: ../clients/js, type: directory}
    peerDependencies:
      '@solana/kit': ^4.0.0

  chalk@5.6.2:
    resolution: {integrity: sha512-7NzBL0rN6fMUW+f7A6Io4h40qQlG+xGmtMxfbnH/K7TAtt8JQWVQK+6g0UXKMeVJoyV5EkkNsErQ8pVD3bLHbA==}
    engines: {node: ^12.17.0 || ^14.13 || >=16.0.0}

  commander@14.0.1:
    resolution: {integrity: sha512-2JkV3gUZUVrbNA+1sjBOYLsMZ5cEEl8GTFP2a4AVz5hvasAMCQ1D2l2le/cX+pV4N6ZU17zjUahLpIXRrnWL8A==}
    engines: {node: '>=20'}

  esbuild@0.25.11:
    resolution: {integrity: sha512-KohQwyzrKTQmhXDW1PjCv3Tyspn9n5GcY2RTDqeORIdIJY8yKIF7sTSopFmn/wpMPW4rdPXI0UE5LJLuq3bx0Q==}
    engines: {node: '>=18'}
    hasBin: true

  fastestsmallesttextencoderdecoder@1.0.22:
    resolution: {integrity: sha512-Pb8d48e+oIuY4MaM64Cd7OW1gt4nxCHs7/ddPPZ/Ic3sg8yVGM7O9wDvZ7us6ScaUupzM+pfBolwtYhN1IxBIw==}

  fsevents@2.3.3:
    resolution: {integrity: sha512-5xoDfX+fL7faATnagmWPpbFtwh/R77WmMMqqHGS65C3vvB0YHrgF+B1YmZ3441tMj5n63k0212XNoJwzlhffQw==}
    engines: {node: ^8.16.0 || ^10.6.0 || >=11.0.0}
    os: [darwin]

  get-tsconfig@4.12.0:
    resolution: {integrity: sha512-LScr2aNr2FbjAjZh2C6X6BxRx1/x+aTDExct/xyq2XKbYOiG5c0aK7pMsSuyc0brz3ibr/lbQiHD9jzt4lccJw==}

  resolve-pkg-maps@1.0.0:
    resolution: {integrity: sha512-seS2Tj26TBVOC2NIc2rOe2y2ZO7efxITtLZcGSOnHHNOQ7CkiUBfw0Iw2ck6xkIhPwLhKNLS8BO+hEpngQlqzw==}

  tsx@4.20.6:
    resolution: {integrity: sha512-ytQKuwgmrrkDTFP4LjR0ToE2nqgy886GpvRSpU0JAnrdBYppuY5rLkRUYPU1yCryb24SsKBTL/hlDQAEFVwtZg==}
    engines: {node: '>=18.0.0'}
    hasBin: true

  typescript@5.9.3:
    resolution: {integrity: sha512-jl1vZzPDinLr9eUt3J/t7V6FgNEw9QjvBPdysz9KfQDD41fQrC2Y4vKQdiaUpFT4bXlb1RHhLpp8wtm6M5TgSw==}
    engines: {node: '>=14.17'}
    hasBin: true

  undici-types@6.21.0:
    resolution: {integrity: sha512-iwDZqg0QAGrg9Rav5H4n0M64c3mkR59cJ6wQp+7C4nI0gsmExaedaYLNO44eT4AtBBwjbTiGPMlt2Md0T9H9JQ==}

  undici-types@7.16.0:
    resolution: {integrity: sha512-Zz+aZWSj8LE6zoxD+xrjh4VfkIG8Ya6LvYkZqtUQGJPZjYl53ypCaUwWqo7eI0x66KBGeRo+mlBEkMSeSZ38Nw==}

  ws@8.18.3:
    resolution: {integrity: sha512-PEIGCY5tSlUt50cqyMXfCzX+oOPqN0vuGqWzbcJ2xvnkzkq46oOpz7dQaTDBdfICb4N14+GARUDw2XV2N4tvzg==}
    engines: {node: '>=10.0.0'}
    peerDependencies:
      bufferutil: ^4.0.1
      utf-8-validate: '>=5.0.2'
    peerDependenciesMeta:
      bufferutil:
        optional: true
      utf-8-validate:
        optional: true

snapshots:

  '@esbuild/aix-ppc64@0.25.11':
    optional: true

  '@esbuild/android-arm64@0.25.11':
    optional: true

  '@esbuild/android-arm@0.25.11':
    optional: true

  '@esbuild/android-x64@0.25.11':
    optional: true

  '@esbuild/darwin-arm64@0.25.11':
    optional: true

  '@esbuild/darwin-x64@0.25.11':
    optional: true

  '@esbuild/freebsd-arm64@0.25.11':
    optional: true

  '@esbuild/freebsd-x64@0.25.11':
    optional: true

  '@esbuild/linux-arm64@0.25.11':
    optional: true

  '@esbuild/linux-arm@0.25.11':
    optional: true

  '@esbuild/linux-ia32@0.25.11':
    optional: true

  '@esbuild/linux-loong64@0.25.11':
    optional: true

  '@esbuild/linux-mips64el@0.25.11':
    optional: true

  '@esbuild/linux-ppc64@0.25.11':
    optional: true

  '@esbuild/linux-riscv64@0.25.11':
    optional: true

  '@esbuild/linux-s390x@0.25.11':
    optional: true

  '@esbuild/linux-x64@0.25.11':
    optional: true

  '@esbuild/netbsd-arm64@0.25.11':
    optional: true

  '@esbuild/netbsd-x64@0.25.11':
    optional: true

  '@esbuild/openbsd-arm64@0.25.11':
    optional: true

  '@esbuild/openbsd-x64@0.25.11':
    optional: true

  '@esbuild/openharmony-arm64@0.25.11':
    optional: true

  '@esbuild/sunos-x64@0.25.11':
    optional: true

  '@esbuild/win32-arm64@0.25.11':
    optional: true

  '@esbuild/win32-ia32@0.25.11':
    optional: true

  '@esbuild/win32-x64@0.25.11':
    optional: true

  '@solana/accounts@4.0.0(fastestsmallesttextencoderdecoder@1.0.22)(typescript@5.9.3)':
    dependencies:
      '@solana/addresses': 4.0.0(fastestsmallesttextencoderdecoder@1.0.22)(typescript@5.9.3)
      '@solana/codecs-core': 4.0.0(typescript@5.9.3)
      '@solana/codecs-strings': 4.0.0(fastestsmallesttextencoderdecoder@1.0.22)(typescript@5.9.3)
      '@solana/errors': 4.0.0(typescript@5.9.3)
      '@solana/rpc-spec': 4.0.0(typescript@5.9.3)
      '@solana/rpc-types': 4.0.0(fastestsmallesttextencoderdecoder@1.0.22)(typescript@5.9.3)
      typescript: 5.9.3
    transitivePeerDependencies:
      - fastestsmallesttextencoderdecoder

  '@solana/addresses@4.0.0(fastestsmallesttextencoderdecoder@1.0.22)(typescript@5.9.3)':
    dependencies:
      '@solana/assertions': 4.0.0(typescript@5.9.3)
      '@solana/codecs-core': 4.0.0(typescript@5.9.3)
      '@solana/codecs-strings': 4.0.0(fastestsmallesttextencoderdecoder@1.0.22)(typescript@5.9.3)
      '@solana/errors': 4.0.0(typescript@5.9.3)
      '@solana/nominal-types': 4.0.0(typescript@5.9.3)
      typescript: 5.9.3
    transitivePeerDependencies:
      - fastestsmallesttextencoderdecoder

  '@solana/assertions@4.0.0(typescript@5.9.3)':
    dependencies:
      '@solana/errors': 4.0.0(typescript@5.9.3)
      typescript: 5.9.3

  '@solana/codecs-core@4.0.0(typescript@5.9.3)':
    dependencies:
      '@solana/errors': 4.0.0(typescript@5.9.3)
      typescript: 5.9.3

  '@solana/codecs-data-structures@4.0.0(typescript@5.9.3)':
    dependencies:
      '@solana/codecs-core': 4.0.0(typescript@5.9.3)
      '@solana/codecs-numbers': 4.0.0(typescript@5.9.3)
      '@solana/errors': 4.0.0(typescript@5.9.3)
      typescript: 5.9.3

  '@solana/codecs-numbers@4.0.0(typescript@5.9.3)':
    dependencies:
      '@solana/codecs-core': 4.0.0(typescript@5.9.3)
      '@solana/errors': 4.0.0(typescript@5.9.3)
      typescript: 5.9.3

  '@solana/codecs-strings@4.0.0(fastestsmallesttextencoderdecoder@1.0.22)(typescript@5.9.3)':
    dependencies:
      '@solana/codecs-core': 4.0.0(typescript@5.9.3)
      '@solana/codecs-numbers': 4.0.0(typescript@5.9.3)
      '@solana/errors': 4.0.0(typescript@5.9.3)
      fastestsmallesttextencoderdecoder: 1.0.22
      typescript: 5.9.3

  '@solana/codecs@4.0.0(fastestsmallesttextencoderdecoder@1.0.22)(typescript@5.9.3)':
    dependencies:
      '@solana/codecs-core': 4.0.0(typescript@5.9.3)
      '@solana/codecs-data-structures': 4.0.0(typescript@5.9.3)
      '@solana/codecs-numbers': 4.0.0(typescript@5.9.3)
      '@solana/codecs-strings': 4.0.0(fastestsmallesttextencoderdecoder@1.0.22)(typescript@5.9.3)
      '@solana/options': 4.0.0(fastestsmallesttextencoderdecoder@1.0.22)(typescript@5.9.3)
      typescript: 5.9.3
    transitivePeerDependencies:
      - fastestsmallesttextencoderdecoder

  '@solana/errors@4.0.0(typescript@5.9.3)':
    dependencies:
      chalk: 5.6.2
      commander: 14.0.1
      typescript: 5.9.3

  '@solana/fast-stable-stringify@4.0.0(typescript@5.9.3)':
    dependencies:
      typescript: 5.9.3

  '@solana/functional@4.0.0(typescript@5.9.3)':
    dependencies:
      typescript: 5.9.3

  '@solana/instruction-plans@4.0.0(fastestsmallesttextencoderdecoder@1.0.22)(typescript@5.9.3)':
    dependencies:
      '@solana/errors': 4.0.0(typescript@5.9.3)
      '@solana/instructions': 4.0.0(typescript@5.9.3)
      '@solana/promises': 4.0.0(typescript@5.9.3)
      '@solana/transaction-messages': 4.0.0(fastestsmallesttextencoderdecoder@1.0.22)(typescript@5.9.3)
      '@solana/transactions': 4.0.0(fastestsmallesttextencoderdecoder@1.0.22)(typescript@5.9.3)
      typescript: 5.9.3
    transitivePeerDependencies:
      - fastestsmallesttextencoderdecoder

  '@solana/instructions@4.0.0(typescript@5.9.3)':
    dependencies:
      '@solana/codecs-core': 4.0.0(typescript@5.9.3)
      '@solana/errors': 4.0.0(typescript@5.9.3)
      typescript: 5.9.3

  '@solana/keys@4.0.0(fastestsmallesttextencoderdecoder@1.0.22)(typescript@5.9.3)':
    dependencies:
      '@solana/assertions': 4.0.0(typescript@5.9.3)
      '@solana/codecs-core': 4.0.0(typescript@5.9.3)
      '@solana/codecs-strings': 4.0.0(fastestsmallesttextencoderdecoder@1.0.22)(typescript@5.9.3)
      '@solana/errors': 4.0.0(typescript@5.9.3)
      '@solana/nominal-types': 4.0.0(typescript@5.9.3)
      typescript: 5.9.3
    transitivePeerDependencies:
      - fastestsmallesttextencoderdecoder

  '@solana/kit@4.0.0(fastestsmallesttextencoderdecoder@1.0.22)(typescript@5.9.3)(ws@8.18.3)':
    dependencies:
      '@solana/accounts': 4.0.0(fastestsmallesttextencoderdecoder@1.0.22)(typescript@5.9.3)
      '@solana/addresses': 4.0.0(fastestsmallesttextencoderdecoder@1.0.22)(typescript@5.9.3)
      '@solana/codecs': 4.0.0(fastestsmallesttextencoderdecoder@1.0.22)(typescript@5.9.3)
      '@solana/errors': 4.0.0(typescript@5.9.3)
      '@solana/functional': 4.0.0(typescript@5.9.3)
      '@solana/instruction-plans': 4.0.0(fastestsmallesttextencoderdecoder@1.0.22)(typescript@5.9.3)
      '@solana/instructions': 4.0.0(typescript@5.9.3)
      '@solana/keys': 4.0.0(fastestsmallesttextencoderdecoder@1.0.22)(typescript@5.9.3)
      '@solana/programs': 4.0.0(fastestsmallesttextencoderdecoder@1.0.22)(typescript@5.9.3)
      '@solana/rpc': 4.0.0(fastestsmallesttextencoderdecoder@1.0.22)(typescript@5.9.3)
      '@solana/rpc-parsed-types': 4.0.0(typescript@5.9.3)
      '@solana/rpc-spec-types': 4.0.0(typescript@5.9.3)
      '@solana/rpc-subscriptions': 4.0.0(fastestsmallesttextencoderdecoder@1.0.22)(typescript@5.9.3)(ws@8.18.3)
      '@solana/rpc-types': 4.0.0(fastestsmallesttextencoderdecoder@1.0.22)(typescript@5.9.3)
      '@solana/signers': 4.0.0(fastestsmallesttextencoderdecoder@1.0.22)(typescript@5.9.3)
      '@solana/sysvars': 4.0.0(fastestsmallesttextencoderdecoder@1.0.22)(typescript@5.9.3)
      '@solana/transaction-confirmation': 4.0.0(fastestsmallesttextencoderdecoder@1.0.22)(typescript@5.9.3)(ws@8.18.3)
      '@solana/transaction-messages': 4.0.0(fastestsmallesttextencoderdecoder@1.0.22)(typescript@5.9.3)
      '@solana/transactions': 4.0.0(fastestsmallesttextencoderdecoder@1.0.22)(typescript@5.9.3)
      typescript: 5.9.3
    transitivePeerDependencies:
      - fastestsmallesttextencoderdecoder
      - ws

  '@solana/nominal-types@4.0.0(typescript@5.9.3)':
    dependencies:
      typescript: 5.9.3

  '@solana/options@4.0.0(fastestsmallesttextencoderdecoder@1.0.22)(typescript@5.9.3)':
    dependencies:
      '@solana/codecs-core': 4.0.0(typescript@5.9.3)
      '@solana/codecs-data-structures': 4.0.0(typescript@5.9.3)
      '@solana/codecs-numbers': 4.0.0(typescript@5.9.3)
      '@solana/codecs-strings': 4.0.0(fastestsmallesttextencoderdecoder@1.0.22)(typescript@5.9.3)
      '@solana/errors': 4.0.0(typescript@5.9.3)
      typescript: 5.9.3
    transitivePeerDependencies:
      - fastestsmallesttextencoderdecoder

  '@solana/programs@4.0.0(fastestsmallesttextencoderdecoder@1.0.22)(typescript@5.9.3)':
    dependencies:
      '@solana/addresses': 4.0.0(fastestsmallesttextencoderdecoder@1.0.22)(typescript@5.9.3)
      '@solana/errors': 4.0.0(typescript@5.9.3)
      typescript: 5.9.3
    transitivePeerDependencies:
      - fastestsmallesttextencoderdecoder

  '@solana/promises@4.0.0(typescript@5.9.3)':
    dependencies:
      typescript: 5.9.3

  '@solana/rpc-api@4.0.0(fastestsmallesttextencoderdecoder@1.0.22)(typescript@5.9.3)':
    dependencies:
      '@solana/addresses': 4.0.0(fastestsmallesttextencoderdecoder@1.0.22)(typescript@5.9.3)
      '@solana/codecs-core': 4.0.0(typescript@5.9.3)
      '@solana/codecs-strings': 4.0.0(fastestsmallesttextencoderdecoder@1.0.22)(typescript@5.9.3)
      '@solana/errors': 4.0.0(typescript@5.9.3)
      '@solana/keys': 4.0.0(fastestsmallesttextencoderdecoder@1.0.22)(typescript@5.9.3)
      '@solana/rpc-parsed-types': 4.0.0(typescript@5.9.3)
      '@solana/rpc-spec': 4.0.0(typescript@5.9.3)
      '@solana/rpc-transformers': 4.0.0(fastestsmallesttextencoderdecoder@1.0.22)(typescript@5.9.3)
      '@solana/rpc-types': 4.0.0(fastestsmallesttextencoderdecoder@1.0.22)(typescript@5.9.3)
      '@solana/transaction-messages': 4.0.0(fastestsmallesttextencoderdecoder@1.0.22)(typescript@5.9.3)
      '@solana/transactions': 4.0.0(fastestsmallesttextencoderdecoder@1.0.22)(typescript@5.9.3)
      typescript: 5.9.3
    transitivePeerDependencies:
      - fastestsmallesttextencoderdecoder

  '@solana/rpc-parsed-types@4.0.0(typescript@5.9.3)':
    dependencies:
      typescript: 5.9.3

  '@solana/rpc-spec-types@4.0.0(typescript@5.9.3)':
    dependencies:
      typescript: 5.9.3

  '@solana/rpc-spec@4.0.0(typescript@5.9.3)':
    dependencies:
      '@solana/errors': 4.0.0(typescript@5.9.3)
      '@solana/rpc-spec-types': 4.0.0(typescript@5.9.3)
      typescript: 5.9.3

  '@solana/rpc-subscriptions-api@4.0.0(fastestsmallesttextencoderdecoder@1.0.22)(typescript@5.9.3)':
    dependencies:
      '@solana/addresses': 4.0.0(fastestsmallesttextencoderdecoder@1.0.22)(typescript@5.9.3)
      '@solana/keys': 4.0.0(fastestsmallesttextencoderdecoder@1.0.22)(typescript@5.9.3)
      '@solana/rpc-subscriptions-spec': 4.0.0(typescript@5.9.3)
      '@solana/rpc-transformers': 4.0.0(fastestsmallesttextencoderdecoder@1.0.22)(typescript@5.9.3)
      '@solana/rpc-types': 4.0.0(fastestsmallesttextencoderdecoder@1.0.22)(typescript@5.9.3)
      '@solana/transaction-messages': 4.0.0(fastestsmallesttextencoderdecoder@1.0.22)(typescript@5.9.3)
      '@solana/transactions': 4.0.0(fastestsmallesttextencoderdecoder@1.0.22)(typescript@5.9.3)
      typescript: 5.9.3
    transitivePeerDependencies:
      - fastestsmallesttextencoderdecoder

  '@solana/rpc-subscriptions-channel-websocket@4.0.0(typescript@5.9.3)(ws@8.18.3)':
    dependencies:
      '@solana/errors': 4.0.0(typescript@5.9.3)
      '@solana/functional': 4.0.0(typescript@5.9.3)
      '@solana/rpc-subscriptions-spec': 4.0.0(typescript@5.9.3)
      '@solana/subscribable': 4.0.0(typescript@5.9.3)
      typescript: 5.9.3
      ws: 8.18.3

  '@solana/rpc-subscriptions-spec@4.0.0(typescript@5.9.3)':
    dependencies:
      '@solana/errors': 4.0.0(typescript@5.9.3)
      '@solana/promises': 4.0.0(typescript@5.9.3)
      '@solana/rpc-spec-types': 4.0.0(typescript@5.9.3)
      '@solana/subscribable': 4.0.0(typescript@5.9.3)
      typescript: 5.9.3

  '@solana/rpc-subscriptions@4.0.0(fastestsmallesttextencoderdecoder@1.0.22)(typescript@5.9.3)(ws@8.18.3)':
    dependencies:
      '@solana/errors': 4.0.0(typescript@5.9.3)
      '@solana/fast-stable-stringify': 4.0.0(typescript@5.9.3)
      '@solana/functional': 4.0.0(typescript@5.9.3)
      '@solana/promises': 4.0.0(typescript@5.9.3)
      '@solana/rpc-spec-types': 4.0.0(typescript@5.9.3)
      '@solana/rpc-subscriptions-api': 4.0.0(fastestsmallesttextencoderdecoder@1.0.22)(typescript@5.9.3)
      '@solana/rpc-subscriptions-channel-websocket': 4.0.0(typescript@5.9.3)(ws@8.18.3)
      '@solana/rpc-subscriptions-spec': 4.0.0(typescript@5.9.3)
      '@solana/rpc-transformers': 4.0.0(fastestsmallesttextencoderdecoder@1.0.22)(typescript@5.9.3)
      '@solana/rpc-types': 4.0.0(fastestsmallesttextencoderdecoder@1.0.22)(typescript@5.9.3)
      '@solana/subscribable': 4.0.0(typescript@5.9.3)
      typescript: 5.9.3
    transitivePeerDependencies:
      - fastestsmallesttextencoderdecoder
      - ws

  '@solana/rpc-transformers@4.0.0(fastestsmallesttextencoderdecoder@1.0.22)(typescript@5.9.3)':
    dependencies:
      '@solana/errors': 4.0.0(typescript@5.9.3)
      '@solana/functional': 4.0.0(typescript@5.9.3)
      '@solana/nominal-types': 4.0.0(typescript@5.9.3)
      '@solana/rpc-spec-types': 4.0.0(typescript@5.9.3)
      '@solana/rpc-types': 4.0.0(fastestsmallesttextencoderdecoder@1.0.22)(typescript@5.9.3)
      typescript: 5.9.3
    transitivePeerDependencies:
      - fastestsmallesttextencoderdecoder

  '@solana/rpc-transport-http@4.0.0(typescript@5.9.3)':
    dependencies:
      '@solana/errors': 4.0.0(typescript@5.9.3)
      '@solana/rpc-spec': 4.0.0(typescript@5.9.3)
      '@solana/rpc-spec-types': 4.0.0(typescript@5.9.3)
      typescript: 5.9.3
      undici-types: 7.16.0

  '@solana/rpc-types@4.0.0(fastestsmallesttextencoderdecoder@1.0.22)(typescript@5.9.3)':
    dependencies:
      '@solana/addresses': 4.0.0(fastestsmallesttextencoderdecoder@1.0.22)(typescript@5.9.3)
      '@solana/codecs-core': 4.0.0(typescript@5.9.3)
      '@solana/codecs-numbers': 4.0.0(typescript@5.9.3)
      '@solana/codecs-strings': 4.0.0(fastestsmallesttextencoderdecoder@1.0.22)(typescript@5.9.3)
      '@solana/errors': 4.0.0(typescript@5.9.3)
      '@solana/nominal-types': 4.0.0(typescript@5.9.3)
      typescript: 5.9.3
    transitivePeerDependencies:
      - fastestsmallesttextencoderdecoder

  '@solana/rpc@4.0.0(fastestsmallesttextencoderdecoder@1.0.22)(typescript@5.9.3)':
    dependencies:
      '@solana/errors': 4.0.0(typescript@5.9.3)
      '@solana/fast-stable-stringify': 4.0.0(typescript@5.9.3)
      '@solana/functional': 4.0.0(typescript@5.9.3)
      '@solana/rpc-api': 4.0.0(fastestsmallesttextencoderdecoder@1.0.22)(typescript@5.9.3)
      '@solana/rpc-spec': 4.0.0(typescript@5.9.3)
      '@solana/rpc-spec-types': 4.0.0(typescript@5.9.3)
      '@solana/rpc-transformers': 4.0.0(fastestsmallesttextencoderdecoder@1.0.22)(typescript@5.9.3)
      '@solana/rpc-transport-http': 4.0.0(typescript@5.9.3)
      '@solana/rpc-types': 4.0.0(fastestsmallesttextencoderdecoder@1.0.22)(typescript@5.9.3)
      typescript: 5.9.3
    transitivePeerDependencies:
      - fastestsmallesttextencoderdecoder

  '@solana/signers@4.0.0(fastestsmallesttextencoderdecoder@1.0.22)(typescript@5.9.3)':
    dependencies:
      '@solana/addresses': 4.0.0(fastestsmallesttextencoderdecoder@1.0.22)(typescript@5.9.3)
      '@solana/codecs-core': 4.0.0(typescript@5.9.3)
      '@solana/errors': 4.0.0(typescript@5.9.3)
      '@solana/instructions': 4.0.0(typescript@5.9.3)
      '@solana/keys': 4.0.0(fastestsmallesttextencoderdecoder@1.0.22)(typescript@5.9.3)
      '@solana/nominal-types': 4.0.0(typescript@5.9.3)
      '@solana/transaction-messages': 4.0.0(fastestsmallesttextencoderdecoder@1.0.22)(typescript@5.9.3)
      '@solana/transactions': 4.0.0(fastestsmallesttextencoderdecoder@1.0.22)(typescript@5.9.3)
      typescript: 5.9.3
    transitivePeerDependencies:
      - fastestsmallesttextencoderdecoder

  '@solana/subscribable@4.0.0(typescript@5.9.3)':
    dependencies:
      '@solana/errors': 4.0.0(typescript@5.9.3)
      typescript: 5.9.3

  '@solana/sysvars@4.0.0(fastestsmallesttextencoderdecoder@1.0.22)(typescript@5.9.3)':
    dependencies:
      '@solana/accounts': 4.0.0(fastestsmallesttextencoderdecoder@1.0.22)(typescript@5.9.3)
      '@solana/codecs': 4.0.0(fastestsmallesttextencoderdecoder@1.0.22)(typescript@5.9.3)
      '@solana/errors': 4.0.0(typescript@5.9.3)
      '@solana/rpc-types': 4.0.0(fastestsmallesttextencoderdecoder@1.0.22)(typescript@5.9.3)
      typescript: 5.9.3
    transitivePeerDependencies:
      - fastestsmallesttextencoderdecoder

  '@solana/transaction-confirmation@4.0.0(fastestsmallesttextencoderdecoder@1.0.22)(typescript@5.9.3)(ws@8.18.3)':
    dependencies:
      '@solana/addresses': 4.0.0(fastestsmallesttextencoderdecoder@1.0.22)(typescript@5.9.3)
      '@solana/codecs-strings': 4.0.0(fastestsmallesttextencoderdecoder@1.0.22)(typescript@5.9.3)
      '@solana/errors': 4.0.0(typescript@5.9.3)
      '@solana/keys': 4.0.0(fastestsmallesttextencoderdecoder@1.0.22)(typescript@5.9.3)
      '@solana/promises': 4.0.0(typescript@5.9.3)
      '@solana/rpc': 4.0.0(fastestsmallesttextencoderdecoder@1.0.22)(typescript@5.9.3)
      '@solana/rpc-subscriptions': 4.0.0(fastestsmallesttextencoderdecoder@1.0.22)(typescript@5.9.3)(ws@8.18.3)
      '@solana/rpc-types': 4.0.0(fastestsmallesttextencoderdecoder@1.0.22)(typescript@5.9.3)
      '@solana/transaction-messages': 4.0.0(fastestsmallesttextencoderdecoder@1.0.22)(typescript@5.9.3)
      '@solana/transactions': 4.0.0(fastestsmallesttextencoderdecoder@1.0.22)(typescript@5.9.3)
      typescript: 5.9.3
    transitivePeerDependencies:
      - fastestsmallesttextencoderdecoder
      - ws

  '@solana/transaction-messages@4.0.0(fastestsmallesttextencoderdecoder@1.0.22)(typescript@5.9.3)':
    dependencies:
      '@solana/addresses': 4.0.0(fastestsmallesttextencoderdecoder@1.0.22)(typescript@5.9.3)
      '@solana/codecs-core': 4.0.0(typescript@5.9.3)
      '@solana/codecs-data-structures': 4.0.0(typescript@5.9.3)
      '@solana/codecs-numbers': 4.0.0(typescript@5.9.3)
      '@solana/errors': 4.0.0(typescript@5.9.3)
      '@solana/functional': 4.0.0(typescript@5.9.3)
      '@solana/instructions': 4.0.0(typescript@5.9.3)
      '@solana/nominal-types': 4.0.0(typescript@5.9.3)
      '@solana/rpc-types': 4.0.0(fastestsmallesttextencoderdecoder@1.0.22)(typescript@5.9.3)
      typescript: 5.9.3
    transitivePeerDependencies:
      - fastestsmallesttextencoderdecoder

  '@solana/transactions@4.0.0(fastestsmallesttextencoderdecoder@1.0.22)(typescript@5.9.3)':
    dependencies:
      '@solana/addresses': 4.0.0(fastestsmallesttextencoderdecoder@1.0.22)(typescript@5.9.3)
      '@solana/codecs-core': 4.0.0(typescript@5.9.3)
      '@solana/codecs-data-structures': 4.0.0(typescript@5.9.3)
      '@solana/codecs-numbers': 4.0.0(typescript@5.9.3)
      '@solana/codecs-strings': 4.0.0(fastestsmallesttextencoderdecoder@1.0.22)(typescript@5.9.3)
      '@solana/errors': 4.0.0(typescript@5.9.3)
      '@solana/functional': 4.0.0(typescript@5.9.3)
      '@solana/instructions': 4.0.0(typescript@5.9.3)
      '@solana/keys': 4.0.0(fastestsmallesttextencoderdecoder@1.0.22)(typescript@5.9.3)
      '@solana/nominal-types': 4.0.0(typescript@5.9.3)
      '@solana/rpc-types': 4.0.0(fastestsmallesttextencoderdecoder@1.0.22)(typescript@5.9.3)
      '@solana/transaction-messages': 4.0.0(fastestsmallesttextencoderdecoder@1.0.22)(typescript@5.9.3)
      typescript: 5.9.3
    transitivePeerDependencies:
      - fastestsmallesttextencoderdecoder

  '@types/node@20.19.23':
    dependencies:
      undici-types: 6.21.0

  '@yourwallet/stake-pool@file:../clients/js(@solana/kit@4.0.0(fastestsmallesttextencoderdecoder@1.0.22)(typescript@5.9.3)(ws@8.18.3))':
    dependencies:
      '@solana/kit': 4.0.0(fastestsmallesttextencoderdecoder@1.0.22)(typescript@5.9.3)(ws@8.18.3)

  chalk@5.6.2: {}

  commander@14.0.1: {}

  esbuild@0.25.11:
    optionalDependencies:
      '@esbuild/aix-ppc64': 0.25.11
      '@esbuild/android-arm': 0.25.11
      '@esbuild/android-arm64': 0.25.11
      '@esbuild/android-x64': 0.25.11
      '@esbuild/darwin-arm64': 0.25.11
      '@esbuild/darwin-x64': 0.25.11
      '@esbuild/freebsd-arm64': 0.25.11
      '@esbuild/freebsd-x64': 0.25.11
      '@esbuild/linux-arm': 0.25.11
      '@esbuild/linux-arm64': 0.25.11
      '@esbuild/linux-ia32': 0.25.11
      '@esbuild/linux-loong64': 0.25.11
      '@esbuild/linux-mips64el': 0.25.11
      '@esbuild/linux-ppc64': 0.25.11
      '@esbuild/linux-riscv64': 0.25.11
      '@esbuild/linux-s390x': 0.25.11
      '@esbuild/linux-x64': 0.25.11
      '@esbuild/netbsd-arm64': 0.25.11
      '@esbuild/netbsd-x64': 0.25.11
      '@esbuild/openbsd-arm64': 0.25.11
      '@esbuild/openbsd-x64': 0.25.11
      '@esbuild/openharmony-arm64': 0.25.11
      '@esbuild/sunos-x64': 0.25.11
      '@esbuild/win32-arm64': 0.25.11
      '@esbuild/win32-ia32': 0.25.11
      '@esbuild/win32-x64': 0.25.11

  fastestsmallesttextencoderdecoder@1.0.22: {}

  fsevents@2.3.3:
    optional: true

  get-tsconfig@4.12.0:
    dependencies:
      resolve-pkg-maps: 1.0.0

  resolve-pkg-maps@1.0.0: {}

  tsx@4.20.6:
    dependencies:
      esbuild: 0.25.11
      get-tsconfig: 4.12.0
    optionalDependencies:
      fsevents: 2.3.3

  typescript@5.9.3: {}

  undici-types@6.21.0: {}

  undici-types@7.16.0: {}

  ws@8.18.3: {}
